<?xml version="1.0" encoding="utf-8"?>
<Project ToolsVersion="4.0" xmlns="http://schemas.microsoft.com/developer/msbuild/2003">
  <ItemGroup>
    <ClInclude Include="yaPlayer.h">
      <Filter>Contents</Filter>
    </ClInclude>
    <ClInclude Include="yaPlayScene.h">
      <Filter>Scenes</Filter>
    </ClInclude>
    <ClInclude Include="yaLoadScenes.h">
      <Filter>Scenes</Filter>
    </ClInclude>
    <ClInclude Include="yaTitleScene.h">
      <Filter>Scenes</Filter>
    </ClInclude>
    <ClInclude Include="yaLoadResources.h" />
    <ClInclude Include="yaPlayerScript.h" />
    <ClInclude Include="yaCat.h">
      <Filter>Contents</Filter>
    </ClInclude>
    <ClInclude Include="yaCatScript.h">
      <Filter>Scripts</Filter>
    </ClInclude>
  </ItemGroup>
  <ItemGroup>
    <ClCompile Include="yaPlayer.cpp">
      <Filter>Contents</Filter>
    </ClCompile>
    <ClCompile Include="yaPlayScene.cpp">
      <Filter>Scenes</Filter>
    </ClCompile>
    <ClCompile Include="yaTitleScene.cpp">
      <Filter>Scenes</Filter>
    </ClCompile>
    <ClCompile Include="yaPlayerScript.cpp" />
    <ClCompile Include="yaCat.cpp">
      <Filter>Contents</Filter>
    </ClCompile>
    <ClCompile Include="yaCatScript.cpp">
      <Filter>Scripts</Filter>
    </ClCompile>
  </ItemGroup>
  <ItemGroup>
    <Filter Include="Contents">
      <UniqueIdentifier>{54855582-7628-4e77-8019-02bccf27d7d4}</UniqueIdentifier>
    </Filter>
    <Filter Include="Scenes">
      <UniqueIdentifier>{33eedcda-648d-493d-8622-6172ee6313f2}</UniqueIdentifier>
    </Filter>
    <Filter Include="Scripts">
      <UniqueIdentifier>{c64e6de9-0712-4cd3-ba5e-077b58578d68}</UniqueIdentifier>
    </Filter>
  </ItemGroup>
</Project>